
Microsoft Visual Studio Solution File, Format Version 12.00
# Visual Studio Version 17
VisualStudioVersion = 17.5.33424.131
MinimumVisualStudioVersion = 10.0.40219.1
Project("{9A19103F-16F7-4668-BE54-9A1E7A4F7556}") = "ArchivosEjemplo", "ArchivosEjemplo\ArchivosEjemplo.csproj", "{2F4BC15A-342E-4FDA-B990-ADC00DEF93BB}"
EndProject
Project("{9A19103F-16F7-4668-BE54-9A1E7A4F7556}") = "EjemploArchivoLeerEspecifico", "EjemploArchivoLeerEspecifico\EjemploArchivoLeerEspecifico.csproj", "{740E82CE-6A7A-4D08-AB36-08C36433871A}"
EndProject
Project("{FAE04EC0-301F-11D3-BF4B-00C04F79EFBC}") = "ConvertirListaArchivo", "ConvertirListaArchivo\ConvertirListaArchivo.csproj", "{C6F2FF6C-1EC6-4253-B6A2-67A3A084E522}"
EndProject
Global
	GlobalSection(SolutionConfigurationPlatforms) = preSolution
		Debug|Any CPU = Debug|Any CPU
		Release|Any CPU = Release|Any CPU
	EndGlobalSection
	GlobalSection(ProjectConfigurationPlatforms) = postSolution
		{2F4BC15A-342E-4FDA-B990-ADC00DEF93BB}.Debug|Any CPU.ActiveCfg = Debug|Any CPU
		{2F4BC15A-342E-4FDA-B990-ADC00DEF93BB}.Debug|Any CPU.Build.0 = Debug|Any CPU
		{2F4BC15A-342E-4FDA-B990-ADC00DEF93BB}.Release|Any CPU.ActiveCfg = Release|Any CPU
		{2F4BC15A-342E-4FDA-B990-ADC00DEF93BB}.Release|Any CPU.Build.0 = Release|Any CPU
		{740E82CE-6A7A-4D08-AB36-08C36433871A}.Debug|Any CPU.ActiveCfg = Debug|Any CPU
		{740E82CE-6A7A-4D08-AB36-08C36433871A}.Debug|Any CPU.Build.0 = Debug|Any CPU
		{740E82CE-6A7A-4D08-AB36-08C36433871A}.Release|Any CPU.ActiveCfg = Release|Any CPU
		{740E82CE-6A7A-4D08-AB36-08C36433871A}.Release|Any CPU.Build.0 = Release|Any CPU
		{C6F2FF6C-1EC6-4253-B6A2-67A3A084E522}.Debug|Any CPU.ActiveCfg = Debug|Any CPU
		{C6F2FF6C-1EC6-4253-B6A2-67A3A084E522}.Debug|Any CPU.Build.0 = Debug|Any CPU
		{C6F2FF6C-1EC6-4253-B6A2-67A3A084E522}.Release|Any CPU.ActiveCfg = Release|Any CPU
		{C6F2FF6C-1EC6-4253-B6A2-67A3A084E522}.Release|Any CPU.Build.0 = Release|Any CPU
	EndGlobalSection
	GlobalSection(SolutionProperties) = preSolution
		HideSolutionNode = FALSE
	EndGlobalSection
	GlobalSection(ExtensibilityGlobals) = postSolution
		SolutionGuid = {39E57753-2B8D-4CC1-AC70-50B7E2D5F8DC}
	EndGlobalSection
EndGlobal
