
Microsoft Visual Studio Solution File, Format Version 12.00
# Visual Studio Version 17
VisualStudioVersion = 17.5.33424.131
MinimumVisualStudioVersion = 10.0.40219.1
Project("{FAE04EC0-301F-11D3-BF4B-00C04F79EFBC}") = "vistaTestUnitarios", "vistaTestUnitarios\vistaTestUnitarios.csproj", "{50052AF2-349B-45D7-940D-429BC96636F2}"
EndProject
Project("{FAE04EC0-301F-11D3-BF4B-00C04F79EFBC}") = "testUnitariosCalculadora", "testUnitariosCalculadora\testUnitariosCalculadora.csproj", "{EB5B9917-34A1-4AA8-8AFE-3656D47090C4}"
EndProject
Project("{FAE04EC0-301F-11D3-BF4B-00C04F79EFBC}") = "bibliotecaCalculadora", "bibliotecaCalculadora\bibliotecaCalculadora.csproj", "{1E51405C-EA4A-4E90-A3F7-1A411DD6B39F}"
EndProject
Global
	GlobalSection(SolutionConfigurationPlatforms) = preSolution
		Debug|Any CPU = Debug|Any CPU
		Release|Any CPU = Release|Any CPU
	EndGlobalSection
	GlobalSection(ProjectConfigurationPlatforms) = postSolution
		{50052AF2-349B-45D7-940D-429BC96636F2}.Debug|Any CPU.ActiveCfg = Debug|Any CPU
		{50052AF2-349B-45D7-940D-429BC96636F2}.Debug|Any CPU.Build.0 = Debug|Any CPU
		{50052AF2-349B-45D7-940D-429BC96636F2}.Release|Any CPU.ActiveCfg = Release|Any CPU
		{50052AF2-349B-45D7-940D-429BC96636F2}.Release|Any CPU.Build.0 = Release|Any CPU
		{EB5B9917-34A1-4AA8-8AFE-3656D47090C4}.Debug|Any CPU.ActiveCfg = Debug|Any CPU
		{EB5B9917-34A1-4AA8-8AFE-3656D47090C4}.Debug|Any CPU.Build.0 = Debug|Any CPU
		{EB5B9917-34A1-4AA8-8AFE-3656D47090C4}.Release|Any CPU.ActiveCfg = Release|Any CPU
		{EB5B9917-34A1-4AA8-8AFE-3656D47090C4}.Release|Any CPU.Build.0 = Release|Any CPU
		{1E51405C-EA4A-4E90-A3F7-1A411DD6B39F}.Debug|Any CPU.ActiveCfg = Debug|Any CPU
		{1E51405C-EA4A-4E90-A3F7-1A411DD6B39F}.Debug|Any CPU.Build.0 = Debug|Any CPU
		{1E51405C-EA4A-4E90-A3F7-1A411DD6B39F}.Release|Any CPU.ActiveCfg = Release|Any CPU
		{1E51405C-EA4A-4E90-A3F7-1A411DD6B39F}.Release|Any CPU.Build.0 = Release|Any CPU
	EndGlobalSection
	GlobalSection(SolutionProperties) = preSolution
		HideSolutionNode = FALSE
	EndGlobalSection
	GlobalSection(ExtensibilityGlobals) = postSolution
		SolutionGuid = {5A623397-5D21-493D-96BE-BD881C246CBD}
	EndGlobalSection
EndGlobal
