
Microsoft Visual Studio Solution File, Format Version 12.00
# Visual Studio Version 17
VisualStudioVersion = 17.5.33424.131
MinimumVisualStudioVersion = 10.0.40219.1
Project("{9A19103F-16F7-4668-BE54-9A1E7A4F7556}") = "ejemploLogin", "ejemploLogin\ejemploLogin.csproj", "{21655DCC-B8A4-4DFD-A8C6-47BF1EF42E00}"
EndProject
Project("{9A19103F-16F7-4668-BE54-9A1E7A4F7556}") = "ejercicio101", "ejercicio101\ejercicio101.csproj", "{45631267-7F05-4EC7-9049-EBF8B5CDD47F}"
EndProject
Project("{9A19103F-16F7-4668-BE54-9A1E7A4F7556}") = "ejercicio102", "ejercicio102\ejercicio102.csproj", "{738F2FF9-1C8A-45AA-A2CB-362475ADE192}"
EndProject
Project("{9A19103F-16F7-4668-BE54-9A1E7A4F7556}") = "Ingresantes", "Ingresantes\Ingresantes.csproj", "{AE2F604F-0B94-4A01-905F-797276AD0F19}"
EndProject
Project("{9A19103F-16F7-4668-BE54-9A1E7A4F7556}") = "ejemploMDI", "ejemploMDI\ejemploMDI.csproj", "{44E9C414-CD19-4F98-8747-198ED134980D}"
EndProject
Project("{FAE04EC0-301F-11D3-BF4B-00C04F79EFBC}") = "ejemploHerenciaDeForms", "ejemploHerenciaDeForms\ejemploHerenciaDeForms.csproj", "{1C07FD8A-C73A-46D6-B5CA-6CD447E1944F}"
EndProject
Project("{FAE04EC0-301F-11D3-BF4B-00C04F79EFBC}") = "ejemploHerenciaFrmDesign", "ejemploHerenciaFrmDesign\ejemploHerenciaFrmDesign.csproj", "{D9CE070B-393E-41E7-AAF1-92C605CDED83}"
EndProject
Global
	GlobalSection(SolutionConfigurationPlatforms) = preSolution
		Debug|Any CPU = Debug|Any CPU
		Release|Any CPU = Release|Any CPU
	EndGlobalSection
	GlobalSection(ProjectConfigurationPlatforms) = postSolution
		{21655DCC-B8A4-4DFD-A8C6-47BF1EF42E00}.Debug|Any CPU.ActiveCfg = Debug|Any CPU
		{21655DCC-B8A4-4DFD-A8C6-47BF1EF42E00}.Debug|Any CPU.Build.0 = Debug|Any CPU
		{21655DCC-B8A4-4DFD-A8C6-47BF1EF42E00}.Release|Any CPU.ActiveCfg = Release|Any CPU
		{21655DCC-B8A4-4DFD-A8C6-47BF1EF42E00}.Release|Any CPU.Build.0 = Release|Any CPU
		{45631267-7F05-4EC7-9049-EBF8B5CDD47F}.Debug|Any CPU.ActiveCfg = Debug|Any CPU
		{45631267-7F05-4EC7-9049-EBF8B5CDD47F}.Debug|Any CPU.Build.0 = Debug|Any CPU
		{45631267-7F05-4EC7-9049-EBF8B5CDD47F}.Release|Any CPU.ActiveCfg = Release|Any CPU
		{45631267-7F05-4EC7-9049-EBF8B5CDD47F}.Release|Any CPU.Build.0 = Release|Any CPU
		{738F2FF9-1C8A-45AA-A2CB-362475ADE192}.Debug|Any CPU.ActiveCfg = Debug|Any CPU
		{738F2FF9-1C8A-45AA-A2CB-362475ADE192}.Debug|Any CPU.Build.0 = Debug|Any CPU
		{738F2FF9-1C8A-45AA-A2CB-362475ADE192}.Release|Any CPU.ActiveCfg = Release|Any CPU
		{738F2FF9-1C8A-45AA-A2CB-362475ADE192}.Release|Any CPU.Build.0 = Release|Any CPU
		{AE2F604F-0B94-4A01-905F-797276AD0F19}.Debug|Any CPU.ActiveCfg = Debug|Any CPU
		{AE2F604F-0B94-4A01-905F-797276AD0F19}.Debug|Any CPU.Build.0 = Debug|Any CPU
		{AE2F604F-0B94-4A01-905F-797276AD0F19}.Release|Any CPU.ActiveCfg = Release|Any CPU
		{AE2F604F-0B94-4A01-905F-797276AD0F19}.Release|Any CPU.Build.0 = Release|Any CPU
		{44E9C414-CD19-4F98-8747-198ED134980D}.Debug|Any CPU.ActiveCfg = Debug|Any CPU
		{44E9C414-CD19-4F98-8747-198ED134980D}.Debug|Any CPU.Build.0 = Debug|Any CPU
		{44E9C414-CD19-4F98-8747-198ED134980D}.Release|Any CPU.ActiveCfg = Release|Any CPU
		{44E9C414-CD19-4F98-8747-198ED134980D}.Release|Any CPU.Build.0 = Release|Any CPU
		{1C07FD8A-C73A-46D6-B5CA-6CD447E1944F}.Debug|Any CPU.ActiveCfg = Debug|Any CPU
		{1C07FD8A-C73A-46D6-B5CA-6CD447E1944F}.Debug|Any CPU.Build.0 = Debug|Any CPU
		{1C07FD8A-C73A-46D6-B5CA-6CD447E1944F}.Release|Any CPU.ActiveCfg = Release|Any CPU
		{1C07FD8A-C73A-46D6-B5CA-6CD447E1944F}.Release|Any CPU.Build.0 = Release|Any CPU
		{D9CE070B-393E-41E7-AAF1-92C605CDED83}.Debug|Any CPU.ActiveCfg = Debug|Any CPU
		{D9CE070B-393E-41E7-AAF1-92C605CDED83}.Debug|Any CPU.Build.0 = Debug|Any CPU
		{D9CE070B-393E-41E7-AAF1-92C605CDED83}.Release|Any CPU.ActiveCfg = Release|Any CPU
		{D9CE070B-393E-41E7-AAF1-92C605CDED83}.Release|Any CPU.Build.0 = Release|Any CPU
	EndGlobalSection
	GlobalSection(SolutionProperties) = preSolution
		HideSolutionNode = FALSE
	EndGlobalSection
	GlobalSection(ExtensibilityGlobals) = postSolution
		SolutionGuid = {AFF19EE0-7E1A-44D5-881C-E6F69CDD4F40}
	EndGlobalSection
EndGlobal
