
Microsoft Visual Studio Solution File, Format Version 12.00
# Visual Studio Version 17
VisualStudioVersion = 17.5.33424.131
MinimumVisualStudioVersion = 10.0.40219.1
Project("{9A19103F-16F7-4668-BE54-9A1E7A4F7556}") = "ejercicio101", "ejercicio101\ejercicio101.csproj", "{3D1CC7A6-B6C3-4784-B4CB-95A96E259C34}"
EndProject
Project("{9A19103F-16F7-4668-BE54-9A1E7A4F7556}") = "ejercicio102", "ejercicio102\ejercicio102.csproj", "{71DC9AFF-82BD-46BA-97AA-D7296D937429}"
EndProject
Project("{9A19103F-16F7-4668-BE54-9A1E7A4F7556}") = "ejercicio103", "ejercicio103\ejercicio103.csproj", "{8854C7CD-6FD5-4B7A-B8F2-38D9EC3AF038}"
EndProject
Project("{FAE04EC0-301F-11D3-BF4B-00C04F79EFBC}") = "JugadorEquipo", "JugadorEquipo\JugadorEquipo.csproj", "{2D936AE5-AB29-4EB9-9039-22CC41164464}"
EndProject
Project("{FAE04EC0-301F-11D3-BF4B-00C04F79EFBC}") = "ejercicioC01", "ejercicioC01\ejercicioC01.csproj", "{E2CBACCC-509C-4B03-B77A-414542F8E02B}"
EndProject
Global
	GlobalSection(SolutionConfigurationPlatforms) = preSolution
		Debug|Any CPU = Debug|Any CPU
		Release|Any CPU = Release|Any CPU
	EndGlobalSection
	GlobalSection(ProjectConfigurationPlatforms) = postSolution
		{3D1CC7A6-B6C3-4784-B4CB-95A96E259C34}.Debug|Any CPU.ActiveCfg = Debug|Any CPU
		{3D1CC7A6-B6C3-4784-B4CB-95A96E259C34}.Debug|Any CPU.Build.0 = Debug|Any CPU
		{3D1CC7A6-B6C3-4784-B4CB-95A96E259C34}.Release|Any CPU.ActiveCfg = Release|Any CPU
		{3D1CC7A6-B6C3-4784-B4CB-95A96E259C34}.Release|Any CPU.Build.0 = Release|Any CPU
		{71DC9AFF-82BD-46BA-97AA-D7296D937429}.Debug|Any CPU.ActiveCfg = Debug|Any CPU
		{71DC9AFF-82BD-46BA-97AA-D7296D937429}.Debug|Any CPU.Build.0 = Debug|Any CPU
		{71DC9AFF-82BD-46BA-97AA-D7296D937429}.Release|Any CPU.ActiveCfg = Release|Any CPU
		{71DC9AFF-82BD-46BA-97AA-D7296D937429}.Release|Any CPU.Build.0 = Release|Any CPU
		{8854C7CD-6FD5-4B7A-B8F2-38D9EC3AF038}.Debug|Any CPU.ActiveCfg = Debug|Any CPU
		{8854C7CD-6FD5-4B7A-B8F2-38D9EC3AF038}.Debug|Any CPU.Build.0 = Debug|Any CPU
		{8854C7CD-6FD5-4B7A-B8F2-38D9EC3AF038}.Release|Any CPU.ActiveCfg = Release|Any CPU
		{8854C7CD-6FD5-4B7A-B8F2-38D9EC3AF038}.Release|Any CPU.Build.0 = Release|Any CPU
		{2D936AE5-AB29-4EB9-9039-22CC41164464}.Debug|Any CPU.ActiveCfg = Debug|Any CPU
		{2D936AE5-AB29-4EB9-9039-22CC41164464}.Debug|Any CPU.Build.0 = Debug|Any CPU
		{2D936AE5-AB29-4EB9-9039-22CC41164464}.Release|Any CPU.ActiveCfg = Release|Any CPU
		{2D936AE5-AB29-4EB9-9039-22CC41164464}.Release|Any CPU.Build.0 = Release|Any CPU
		{E2CBACCC-509C-4B03-B77A-414542F8E02B}.Debug|Any CPU.ActiveCfg = Debug|Any CPU
		{E2CBACCC-509C-4B03-B77A-414542F8E02B}.Debug|Any CPU.Build.0 = Debug|Any CPU
		{E2CBACCC-509C-4B03-B77A-414542F8E02B}.Release|Any CPU.ActiveCfg = Release|Any CPU
		{E2CBACCC-509C-4B03-B77A-414542F8E02B}.Release|Any CPU.Build.0 = Release|Any CPU
	EndGlobalSection
	GlobalSection(SolutionProperties) = preSolution
		HideSolutionNode = FALSE
	EndGlobalSection
	GlobalSection(ExtensibilityGlobals) = postSolution
		SolutionGuid = {F7FCE1CD-E731-459D-8394-EB89A1A2DCDD}
	EndGlobalSection
EndGlobal
