
Microsoft Visual Studio Solution File, Format Version 12.00
# Visual Studio Version 17
VisualStudioVersion = 17.5.33424.131
MinimumVisualStudioVersion = 10.0.40219.1
Project("{9A19103F-16F7-4668-BE54-9A1E7A4F7556}") = "ejecicio101", "ProgramacionOrientadaObjetos\ejecicio101.csproj", "{AD1486C2-0441-477A-95F6-E8BF185131C4}"
EndProject
Project("{9A19103F-16F7-4668-BE54-9A1E7A4F7556}") = "ejercicio102", "ejercicio102\ejercicio102.csproj", "{0F546CF3-35B9-4D6C-B81B-984FF6925493}"
EndProject
Project("{FAE04EC0-301F-11D3-BF4B-00C04F79EFBC}") = "ejercicio103", "ejercicio103\ejercicio103.csproj", "{6E121A35-5B2C-4F63-8EC1-CD387EB75418}"
EndProject
Project("{FAE04EC0-301F-11D3-BF4B-00C04F79EFBC}") = "ejercicio104", "ejercicio104\ejercicio104.csproj", "{15D57661-3DEB-446A-947D-56F1BF282F56}"
EndProject
Global
	GlobalSection(SolutionConfigurationPlatforms) = preSolution
		Debug|Any CPU = Debug|Any CPU
		Release|Any CPU = Release|Any CPU
	EndGlobalSection
	GlobalSection(ProjectConfigurationPlatforms) = postSolution
		{AD1486C2-0441-477A-95F6-E8BF185131C4}.Debug|Any CPU.ActiveCfg = Debug|Any CPU
		{AD1486C2-0441-477A-95F6-E8BF185131C4}.Debug|Any CPU.Build.0 = Debug|Any CPU
		{AD1486C2-0441-477A-95F6-E8BF185131C4}.Release|Any CPU.ActiveCfg = Release|Any CPU
		{AD1486C2-0441-477A-95F6-E8BF185131C4}.Release|Any CPU.Build.0 = Release|Any CPU
		{0F546CF3-35B9-4D6C-B81B-984FF6925493}.Debug|Any CPU.ActiveCfg = Debug|Any CPU
		{0F546CF3-35B9-4D6C-B81B-984FF6925493}.Debug|Any CPU.Build.0 = Debug|Any CPU
		{0F546CF3-35B9-4D6C-B81B-984FF6925493}.Release|Any CPU.ActiveCfg = Release|Any CPU
		{0F546CF3-35B9-4D6C-B81B-984FF6925493}.Release|Any CPU.Build.0 = Release|Any CPU
		{6E121A35-5B2C-4F63-8EC1-CD387EB75418}.Debug|Any CPU.ActiveCfg = Debug|Any CPU
		{6E121A35-5B2C-4F63-8EC1-CD387EB75418}.Debug|Any CPU.Build.0 = Debug|Any CPU
		{6E121A35-5B2C-4F63-8EC1-CD387EB75418}.Release|Any CPU.ActiveCfg = Release|Any CPU
		{6E121A35-5B2C-4F63-8EC1-CD387EB75418}.Release|Any CPU.Build.0 = Release|Any CPU
		{15D57661-3DEB-446A-947D-56F1BF282F56}.Debug|Any CPU.ActiveCfg = Debug|Any CPU
		{15D57661-3DEB-446A-947D-56F1BF282F56}.Debug|Any CPU.Build.0 = Debug|Any CPU
		{15D57661-3DEB-446A-947D-56F1BF282F56}.Release|Any CPU.ActiveCfg = Release|Any CPU
		{15D57661-3DEB-446A-947D-56F1BF282F56}.Release|Any CPU.Build.0 = Release|Any CPU
	EndGlobalSection
	GlobalSection(SolutionProperties) = preSolution
		HideSolutionNode = FALSE
	EndGlobalSection
	GlobalSection(ExtensibilityGlobals) = postSolution
		SolutionGuid = {CC75B1D6-3FD6-4FE8-8762-BA0AA1BC50A1}
	EndGlobalSection
EndGlobal
